// !$*UTF8*$!
{
	archiveVersion = 1;
	classes = {
	};
	objectVersion = 46;
	objects = {

/* Begin PBXBuildFile section */
		A149D4BF15E212580008761E /* main.storyboard in Resources */ = {isa = PBXBuildFile; fileRef = A149D4BE15E212580008761E /* main.storyboard */; };
		A169DA0A15E1EB1E0093AECC /* UIKit.framework in Frameworks */ = {isa = PBXBuildFile; fileRef = A169DA0915E1EB1E0093AECC /* UIKit.framework */; };
		A169DA0C15E1EB1E0093AECC /* Foundation.framework in Frameworks */ = {isa = PBXBuildFile; fileRef = A169DA0B15E1EB1E0093AECC /* Foundation.framework */; };
		A169DA0E15E1EB1E0093AECC /* CoreGraphics.framework in Frameworks */ = {isa = PBXBuildFile; fileRef = A169DA0D15E1EB1E0093AECC /* CoreGraphics.framework */; };
		A169DA1415E1EB1E0093AECC /* InfoPlist.strings in Resources */ = {isa = PBXBuildFile; fileRef = A169DA1215E1EB1E0093AECC /* InfoPlist.strings */; };
		A169DA1615E1EB1E0093AECC /* main.m in Sources */ = {isa = PBXBuildFile; fileRef = A169DA1515E1EB1E0093AECC /* main.m */; };
		A169DA1A15E1EB1E0093AECC /* AppDelegate.m in Sources */ = {isa = PBXBuildFile; fileRef = A169DA1915E1EB1E0093AECC /* AppDelegate.m */; };
		A169DA2215E1EB1E0093AECC /* SenTestingKit.framework in Frameworks */ = {isa = PBXBuildFile; fileRef = A169DA2115E1EB1E0093AECC /* SenTestingKit.framework */; };
		A169DA2315E1EB1E0093AECC /* UIKit.framework in Frameworks */ = {isa = PBXBuildFile; fileRef = A169DA0915E1EB1E0093AECC /* UIKit.framework */; };
		A169DA2415E1EB1E0093AECC /* Foundation.framework in Frameworks */ = {isa = PBXBuildFile; fileRef = A169DA0B15E1EB1E0093AECC /* Foundation.framework */; };
		A169DA2C15E1EB1E0093AECC /* InfoPlist.strings in Resources */ = {isa = PBXBuildFile; fileRef = A169DA2A15E1EB1E0093AECC /* InfoPlist.strings */; };
		A169DA2F15E1EB1E0093AECC /* TradPlatformTests.m in Sources */ = {isa = PBXBuildFile; fileRef = A169DA2E15E1EB1E0093AECC /* TradPlatformTests.m */; };
/* End PBXBuildFile section */

/* Begin PBXContainerItemProxy section */
		A169DA2515E1EB1E0093AECC /* PBXContainerItemProxy */ = {
			isa = PBXContainerItemProxy;
			containerPortal = A169D9FC15E1EB1E0093AECC /* Project object */;
			proxyType = 1;
			remoteGlobalIDString = A169DA0415E1EB1E0093AECC;
			remoteInfo = TradPlatform;
		};
/* End PBXContainerItemProxy section */

/* Begin PBXFileReference section */
		A149D4BE15E212580008761E /* main.storyboard */ = {isa = PBXFileReference; fileEncoding = 4; lastKnownFileType = file.storyboard; path = main.storyboard; sourceTree = "<group>"; };
		A169DA0515E1EB1E0093AECC /* TradPlatform.app */ = {isa = PBXFileReference; explicitFileType = wrapper.application; includeInIndex = 0; path = TradPlatform.app; sourceTree = BUILT_PRODUCTS_DIR; };
		A169DA0915E1EB1E0093AECC /* UIKit.framework */ = {isa = PBXFileReference; lastKnownFileType = wrapper.framework; name = UIKit.framework; path = System/Library/Frameworks/UIKit.framework; sourceTree = SDKROOT; };
		A169DA0B15E1EB1E0093AECC /* Foundation.framework */ = {isa = PBXFileReference; lastKnownFileType = wrapper.framework; name = Foundation.framework; path = System/Library/Frameworks/Foundation.framework; sourceTree = SDKROOT; };
		A169DA0D15E1EB1E0093AECC /* CoreGraphics.framework */ = {isa = PBXFileReference; lastKnownFileType = wrapper.framework; name = CoreGraphics.framework; path = System/Library/Frameworks/CoreGraphics.framework; sourceTree = SDKROOT; };
		A169DA1115E1EB1E0093AECC /* TradPlatform-Info.plist */ = {isa = PBXFileReference; lastKnownFileType = text.plist.xml; path = "TradPlatform-Info.plist"; sourceTree = "<group>"; };
		A169DA1315E1EB1E0093AECC /* en */ = {isa = PBXFileReference; lastKnownFileType = text.plist.strings; name = en; path = en.lproj/InfoPlist.strings; sourceTree = "<group>"; };
		A169DA1515E1EB1E0093AECC /* main.m */ = {isa = PBXFileReference; lastKnownFileType = sourcecode.c.objc; path = main.m; sourceTree = "<group>"; };
		A169DA1715E1EB1E0093AECC /* TradPlatform-Prefix.pch */ = {isa = PBXFileReference; lastKnownFileType = sourcecode.c.h; path = "TradPlatform-Prefix.pch"; sourceTree = "<group>"; };
		A169DA1815E1EB1E0093AECC /* AppDelegate.h */ = {isa = PBXFileReference; lastKnownFileType = sourcecode.c.h; path = AppDelegate.h; sourceTree = "<group>"; };
		A169DA1915E1EB1E0093AECC /* AppDelegate.m */ = {isa = PBXFileReference; lastKnownFileType = sourcecode.c.objc; path = AppDelegate.m; sourceTree = "<group>"; };
		A169DA2015E1EB1E0093AECC /* TradPlatformTests.octest */ = {isa = PBXFileReference; explicitFileType = wrapper.cfbundle; includeInIndex = 0; path = TradPlatformTests.octest; sourceTree = BUILT_PRODUCTS_DIR; };
		A169DA2115E1EB1E0093AECC /* SenTestingKit.framework */ = {isa = PBXFileReference; lastKnownFileType = wrapper.framework; name = SenTestingKit.framework; path = Library/Frameworks/SenTestingKit.framework; sourceTree = DEVELOPER_DIR; };
		A169DA2915E1EB1E0093AECC /* TradPlatformTests-Info.plist */ = {isa = PBXFileReference; lastKnownFileType = text.plist.xml; path = "TradPlatformTests-Info.plist"; sourceTree = "<group>"; };
		A169DA2B15E1EB1E0093AECC /* en */ = {isa = PBXFileReference; lastKnownFileType = text.plist.strings; name = en; path = en.lproj/InfoPlist.strings; sourceTree = "<group>"; };
		A169DA2D15E1EB1E0093AECC /* TradPlatformTests.h */ = {isa = PBXFileReference; lastKnownFileType = sourcecode.c.h; path = TradPlatformTests.h; sourceTree = "<group>"; };
		A169DA2E15E1EB1E0093AECC /* TradPlatformTests.m */ = {isa = PBXFileReference; lastKnownFileType = sourcecode.c.objc; path = TradPlatformTests.m; sourceTree = "<group>"; };
/* End PBXFileReference section */

/* Begin PBXFrameworksBuildPhase section */
		A169DA0215E1EB1E0093AECC /* Frameworks */ = {
			isa = PBXFrameworksBuildPhase;
			buildActionMask = 2147483647;
			files = (
				A169DA0A15E1EB1E0093AECC /* UIKit.framework in Frameworks */,
				A169DA0C15E1EB1E0093AECC /* Foundation.framework in Frameworks */,
				A169DA0E15E1EB1E0093AECC /* CoreGraphics.framework in Frameworks */,
			);
			runOnlyForDeploymentPostprocessing = 0;
		};
		A169DA1C15E1EB1E0093AECC /* Frameworks */ = {
			isa = PBXFrameworksBuildPhase;
			buildActionMask = 2147483647;
			files = (
				A169DA2215E1EB1E0093AECC /* SenTestingKit.framework in Frameworks */,
				A169DA2315E1EB1E0093AECC /* UIKit.framework in Frameworks */,
				A169DA2415E1EB1E0093AECC /* Foundation.framework in Frameworks */,
			);
			runOnlyForDeploymentPostprocessing = 0;
		};
/* End PBXFrameworksBuildPhase section */

/* Begin PBXGroup section */
		A169D9FA15E1EB1E0093AECC = {
			isa = PBXGroup;
			children = (
				A169DA0F15E1EB1E0093AECC /* TradPlatform */,
				A169DA2715E1EB1E0093AECC /* TradPlatformTests */,
				A169DA0815E1EB1E0093AECC /* Frameworks */,
				A169DA0615E1EB1E0093AECC /* Products */,
			);
			sourceTree = "<group>";
		};
		A169DA0615E1EB1E0093AECC /* Products */ = {
			isa = PBXGroup;
			children = (
				A169DA0515E1EB1E0093AECC /* TradPlatform.app */,
				A169DA2015E1EB1E0093AECC /* TradPlatformTests.octest */,
			);
			name = Products;
			sourceTree = "<group>";
		};
		A169DA0815E1EB1E0093AECC /* Frameworks */ = {
			isa = PBXGroup;
			children = (
				A169DA0915E1EB1E0093AECC /* UIKit.framework */,
				A169DA0B15E1EB1E0093AECC /* Foundation.framework */,
				A169DA0D15E1EB1E0093AECC /* CoreGraphics.framework */,
				A169DA2115E1EB1E0093AECC /* SenTestingKit.framework */,
			);
			name = Frameworks;
			sourceTree = "<group>";
		};
		A169DA0F15E1EB1E0093AECC /* TradPlatform */ = {
			isa = PBXGroup;
			children = (
				A169DA1815E1EB1E0093AECC /* AppDelegate.h */,
				A169DA1915E1EB1E0093AECC /* AppDelegate.m */,
				A169DA1015E1EB1E0093AECC /* Supporting Files */,
			);
			path = TradPlatform;
			sourceTree = "<group>";
		};
		A169DA1015E1EB1E0093AECC /* Supporting Files */ = {
			isa = PBXGroup;
			children = (
				A149D4BE15E212580008761E /* main.storyboard */,
				A169DA1115E1EB1E0093AECC /* TradPlatform-Info.plist */,
				A169DA1215E1EB1E0093AECC /* InfoPlist.strings */,
				A169DA1515E1EB1E0093AECC /* main.m */,
				A169DA1715E1EB1E0093AECC /* TradPlatform-Prefix.pch */,
			);
			name = "Supporting Files";
			sourceTree = "<group>";
		};
		A169DA2715E1EB1E0093AECC /* TradPlatformTests */ = {
			isa = PBXGroup;
			children = (
				A169DA2D15E1EB1E0093AECC /* TradPlatformTests.h */,
				A169DA2E15E1EB1E0093AECC /* TradPlatformTests.m */,
				A169DA2815E1EB1E0093AECC /* Supporting Files */,
			);
			path = TradPlatformTests;
			sourceTree = "<group>";
		};
		A169DA2815E1EB1E0093AECC /* Supporting Files */ = {
			isa = PBXGroup;
			children = (
				A169DA2915E1EB1E0093AECC /* TradPlatformTests-Info.plist */,
				A169DA2A15E1EB1E0093AECC /* InfoPlist.strings */,
			);
			name = "Supporting Files";
			sourceTree = "<group>";
		};
/* End PBXGroup section */

/* Begin PBXNativeTarget section */
		A169DA0415E1EB1E0093AECC /* TradPlatform */ = {
			isa = PBXNativeTarget;
			buildConfigurationList = A169DA3215E1EB1E0093AECC /* Build configuration list for PBXNativeTarget "TradPlatform" */;
			buildPhases = (
				A169DA0115E1EB1E0093AECC /* Sources */,
				A169DA0215E1EB1E0093AECC /* Frameworks */,
				A169DA0315E1EB1E0093AECC /* Resources */,
			);
			buildRules = (
			);
			dependencies = (
			);
			name = TradPlatform;
			productName = TradPlatform;
			productReference = A169DA0515E1EB1E0093AECC /* TradPlatform.app */;
			productType = "com.apple.product-type.application";
		};
		A169DA1F15E1EB1E0093AECC /* TradPlatformTests */ = {
			isa = PBXNativeTarget;
			buildConfigurationList = A169DA3515E1EB1E0093AECC /* Build configuration list for PBXNativeTarget "TradPlatformTests" */;
			buildPhases = (
				A169DA1B15E1EB1E0093AECC /* Sources */,
				A169DA1C15E1EB1E0093AECC /* Frameworks */,
				A169DA1D15E1EB1E0093AECC /* Resources */,
				A169DA1E15E1EB1E0093AECC /* ShellScript */,
			);
			buildRules = (
			);
			dependencies = (
				A169DA2615E1EB1E0093AECC /* PBXTargetDependency */,
			);
			name = TradPlatformTests;
			productName = TradPlatformTests;
			productReference = A169DA2015E1EB1E0093AECC /* TradPlatformTests.octest */;
			productType = "com.apple.product-type.bundle";
		};
/* End PBXNativeTarget section */

/* Begin PBXProject section */
		A169D9FC15E1EB1E0093AECC /* Project object */ = {
			isa = PBXProject;
			attributes = {
				LastUpgradeCheck = 0440;
				ORGANIZATIONNAME = Andy.NH;
			};
			buildConfigurationList = A169D9FF15E1EB1E0093AECC /* Build configuration list for PBXProject "TradPlatform" */;
			compatibilityVersion = "Xcode 3.2";
			developmentRegion = English;
			hasScannedForEncodings = 0;
			knownRegions = (
				en,
			);
			mainGroup = A169D9FA15E1EB1E0093AECC;
			productRefGroup = A169DA0615E1EB1E0093AECC /* Products */;
			projectDirPath = "";
			projectRoot = "";
			targets = (
				A169DA0415E1EB1E0093AECC /* TradPlatform */,
				A169DA1F15E1EB1E0093AECC /* TradPlatformTests */,
			);
		};
/* End PBXProject section */

/* Begin PBXResourcesBuildPhase section */
		A169DA0315E1EB1E0093AECC /* Resources */ = {
			isa = PBXResourcesBuildPhase;
			buildActionMask = 2147483647;
			files = (
				A169DA1415E1EB1E0093AECC /* InfoPlist.strings in Resources */,
				A149D4BF15E212580008761E /* main.storyboard in Resources */,
			);
			runOnlyForDeploymentPostprocessing = 0;
		};
		A169DA1D15E1EB1E0093AECC /* Resources */ = {
			isa = PBXResourcesBuildPhase;
			buildActionMask = 2147483647;
			files = (
				A169DA2C15E1EB1E0093AECC /* InfoPlist.strings in Resources */,
			);
			runOnlyForDeploymentPostprocessing = 0;
		};
/* End PBXResourcesBuildPhase section */

/* Begin PBXShellScriptBuildPhase section */
		A169DA1E15E1EB1E0093AECC /* ShellScript */ = {
			isa = PBXShellScriptBuildPhase;
			buildActionMask = 2147483647;
			files = (
			);
			inputPaths = (
			);
			outputPaths = (
			);
			runOnlyForDeploymentPostprocessing = 0;
			shellPath = /bin/sh;
			shellScript = "# Run the unit tests in this test bundle.\n\"${SYSTEM_DEVELOPER_DIR}/Tools/RunUnitTests\"\n";
		};
/* End PBXShellScriptBuildPhase section */

/* Begin PBXSourcesBuildPhase section */
		A169DA0115E1EB1E0093AECC /* Sources */ = {
			isa = PBXSourcesBuildPhase;
			buildActionMask = 2147483647;
			files = (
				A169DA1615E1EB1E0093AECC /* main.m in Sources */,
				A169DA1A15E1EB1E0093AECC /* AppDelegate.m in Sources */,
			);
			runOnlyForDeploymentPostprocessing = 0;
		};
		A169DA1B15E1EB1E0093AECC /* Sources */ = {
			isa = PBXSourcesBuildPhase;
			buildActionMask = 2147483647;
			files = (
				A169DA2F15E1EB1E0093AECC /* TradPlatformTests.m in Sources */,
			);
			runOnlyForDeploymentPostprocessing = 0;
		};
/* End PBXSourcesBuildPhase section */

/* Begin PBXTargetDependency section */
		A169DA2615E1EB1E0093AECC /* PBXTargetDependency */ = {
			isa = PBXTargetDependency;
			target = A169DA0415E1EB1E0093AECC /* TradPlatform */;
			targetProxy = A169DA2515E1EB1E0093AECC /* PBXContainerItemProxy */;
		};
/* End PBXTargetDependency section */

/* Begin PBXVariantGroup section */
		A169DA1215E1EB1E0093AECC /* InfoPlist.strings */ = {
			isa = PBXVariantGroup;
			children = (
				A169DA1315E1EB1E0093AECC /* en */,
			);
			name = InfoPlist.strings;
			sourceTree = "<group>";
		};
		A169DA2A15E1EB1E0093AECC /* InfoPlist.strings */ = {
			isa = PBXVariantGroup;
			children = (
				A169DA2B15E1EB1E0093AECC /* en */,
			);
			name = InfoPlist.strings;
			sourceTree = "<group>";
		};
/* End PBXVariantGroup section */

/* Begin XCBuildConfiguration section */
		A169DA3015E1EB1E0093AECC /* Debug */ = {
			isa = XCBuildConfiguration;
			buildSettings = {
				ALWAYS_SEARCH_USER_PATHS = NO;
				ARCHS = "$(ARCHS_STANDARD_32_BIT)";
				CLANG_CXX_LANGUAGE_STANDARD = "gnu++0x";
				CLANG_ENABLE_OBJC_ARC = YES;
				CLANG_WARN__DUPLICATE_METHOD_MATCH = YES;
				"CODE_SIGN_IDENTITY[sdk=iphoneos*]" = "iPhone Developer";
				COPY_PHASE_STRIP = NO;
				GCC_C_LANGUAGE_STANDARD = gnu99;
				GCC_DYNAMIC_NO_PIC = NO;
				GCC_OPTIMIZATION_LEVEL = 0;
				GCC_PREPROCESSOR_DEFINITIONS = (
					"DEBUG=1",
					"$(inherited)",
				);
				GCC_SYMBOLS_PRIVATE_EXTERN = NO;
				GCC_VERSION = com.apple.compilers.llvm.clang.1_0;
				GCC_WARN_ABOUT_RETURN_TYPE = YES;
				GCC_WARN_UNINITIALIZED_AUTOS = YES;
				GCC_WARN_UNUSED_VARIABLE = YES;
				IPHONEOS_DEPLOYMENT_TARGET = 5.1;
				SDKROOT = iphoneos;
				TARGETED_DEVICE_FAMILY = 2;
			};
			name = Debug;
		};
		A169DA3115E1EB1E0093AECC /* Release */ = {
			isa = XCBuildConfiguration;
			buildSettings = {
				ALWAYS_SEARCH_USER_PATHS = NO;
				ARCHS = "$(ARCHS_STANDARD_32_BIT)";
				CLANG_CXX_LANGUAGE_STANDARD = "gnu++0x";
				CLANG_ENABLE_OBJC_ARC = YES;
				CLANG_WARN__DUPLICATE_METHOD_MATCH = YES;
				"CODE_SIGN_IDENTITY[sdk=iphoneos*]" = "iPhone Developer";
				COPY_PHASE_STRIP = YES;
				GCC_C_LANGUAGE_STANDARD = gnu99;
				GCC_VERSION = com.apple.compilers.llvm.clang.1_0;
				GCC_WARN_ABOUT_RETURN_TYPE = YES;
				GCC_WARN_UNINITIALIZED_AUTOS = YES;
				GCC_WARN_UNUSED_VARIABLE = YES;
				IPHONEOS_DEPLOYMENT_TARGET = 5.1;
				OTHER_CFLAGS = "-DNS_BLOCK_ASSERTIONS=1";
				SDKROOT = iphoneos;
				TARGETED_DEVICE_FAMILY = 2;
				VALIDATE_PRODUCT = YES;
			};
			name = Release;
		};
		A169DA3315E1EB1E0093AECC /* Debug */ = {
			isa = XCBuildConfiguration;
			buildSettings = {
				GCC_PRECOMPILE_PREFIX_HEADER = YES;
				GCC_PREFIX_HEADER = "TradPlatform/TradPlatform-Prefix.pch";
				INFOPLIST_FILE = "TradPlatform/TradPlatform-Info.plist";
				PRODUCT_NAME = "$(TARGET_NAME)";
				WRAPPER_EXTENSION = app;
			};
			name = Debug;
		};
		A169DA3415E1EB1E0093AECC /* Release */ = {
			isa = XCBuildConfiguration;
			buildSettings = {
				GCC_PRECOMPILE_PREFIX_HEADER = YES;
				GCC_PREFIX_HEADER = "TradPlatform/TradPlatform-Prefix.pch";
				INFOPLIST_FILE = "TradPlatform/TradPlatform-Info.plist";
				PRODUCT_NAME = "$(TARGET_NAME)";
				WRAPPER_EXTENSION = app;
			};
			name = Release;
		};
		A169DA3615E1EB1E0093AECC /* Debug */ = {
			isa = XCBuildConfiguration;
			buildSettings = {
				BUNDLE_LOADER = "$(BUILT_PRODUCTS_DIR)/TradPlatform.app/TradPlatform";
				FRAMEWORK_SEARCH_PATHS = (
					"\"$(SDKROOT)/Developer/Library/Frameworks\"",
					"\"$(DEVELOPER_LIBRARY_DIR)/Frameworks\"",
				);
				GCC_PRECOMPILE_PREFIX_HEADER = YES;
				GCC_PREFIX_HEADER = "TradPlatform/TradPlatform-Prefix.pch";
				INFOPLIST_FILE = "TradPlatformTests/TradPlatformTests-Info.plist";
				PRODUCT_NAME = "$(TARGET_NAME)";
				TEST_HOST = "$(BUNDLE_LOADER)";
				WRAPPER_EXTENSION = octest;
			};
			name = Debug;
		};
		A169DA3715E1EB1E0093AECC /* Release */ = {
			isa = XCBuildConfiguration;
			buildSettings = {
				BUNDLE_LOADER = "$(BUILT_PRODUCTS_DIR)/TradPlatform.app/TradPlatform";
				FRAMEWORK_SEARCH_PATHS = (
					"\"$(SDKROOT)/Developer/Library/Frameworks\"",
					"\"$(DEVELOPER_LIBRARY_DIR)/Frameworks\"",
				);
				GCC_PRECOMPILE_PREFIX_HEADER = YES;
				GCC_PREFIX_HEADER = "TradPlatform/TradPlatform-Prefix.pch";
				INFOPLIST_FILE = "TradPlatformTests/TradPlatformTests-Info.plist";
				PRODUCT_NAME = "$(TARGET_NAME)";
				TEST_HOST = "$(BUNDLE_LOADER)";
				WRAPPER_EXTENSION = octest;
			};
			name = Release;
		};
/* End XCBuildConfiguration section */

/* Begin XCConfigurationList section */
		A169D9FF15E1EB1E0093AECC /* Build configuration list for PBXProject "TradPlatform" */ = {
			isa = XCConfigurationList;
			buildConfigurations = (
				A169DA3015E1EB1E0093AECC /* Debug */,
				A169DA3115E1EB1E0093AECC /* Release */,
			);
			defaultConfigurationIsVisible = 0;
			defaultConfigurationName = Release;
		};
		A169DA3215E1EB1E0093AECC /* Build configuration list for PBXNativeTarget "TradPlatform" */ = {
			isa = XCConfigurationList;
			buildConfigurations = (
				A169DA3315E1EB1E0093AECC /* Debug */,
				A169DA3415E1EB1E0093AECC /* Release */,
			);
			defaultConfigurationIsVisible = 0;
			defaultConfigurationName = Release;
		};
		A169DA3515E1EB1E0093AECC /* Build configuration list for PBXNativeTarget "TradPlatformTests" */ = {
			isa = XCConfigurationList;
			buildConfigurations = (
				A169DA3615E1EB1E0093AECC /* Debug */,
				A169DA3715E1EB1E0093AECC /* Release */,
			);
			defaultConfigurationIsVisible = 0;
			defaultConfigurationName = Release;
		};
/* End XCConfigurationList section */
	};
	rootObject = A169D9FC15E1EB1E0093AECC /* Project object */;
}
